// !$*UTF8*$!
{
	archiveVersion = 1;
	classes = {
	};
	objectVersion = 46;
	objects = {

/* Begin PBXBuildFile section */
		FB15A4BE1909149000C307DD /* Foundation.framework in Frameworks */ = {isa = PBXBuildFile; fileRef = FB15A4BD1909149000C307DD /* Foundation.framework */; };
		FB15A4C01909149000C307DD /* CoreGraphics.framework in Frameworks */ = {isa = PBXBuildFile; fileRef = FB15A4BF1909149000C307DD /* CoreGraphics.framework */; };
		FB15A4C21909149000C307DD /* UIKit.framework in Frameworks */ = {isa = PBXBuildFile; fileRef = FB15A4C11909149000C307DD /* UIKit.framework */; };
		FB15A4C81909149000C307DD /* InfoPlist.strings in Resources */ = {isa = PBXBuildFile; fileRef = FB15A4C61909149000C307DD /* InfoPlist.strings */; };
		FB15A4CA1909149000C307DD /* main.m in Sources */ = {isa = PBXBuildFile; fileRef = FB15A4C91909149000C307DD /* main.m */; };
		FB15A4CE1909149000C307DD /* KSAppDelegate.m in Sources */ = {isa = PBXBuildFile; fileRef = FB15A4CD1909149000C307DD /* KSAppDelegate.m */; };
		FB15A4D11909149000C307DD /* Main.storyboard in Resources */ = {isa = PBXBuildFile; fileRef = FB15A4CF1909149000C307DD /* Main.storyboard */; };
		FB15A4D41909149000C307DD /* KSViewController.m in Sources */ = {isa = PBXBuildFile; fileRef = FB15A4D31909149000C307DD /* KSViewController.m */; };
		FB15A4D61909149000C307DD /* Images.xcassets in Resources */ = {isa = PBXBuildFile; fileRef = FB15A4D51909149000C307DD /* Images.xcassets */; };
		FB15A4DD1909149000C307DD /* XCTest.framework in Frameworks */ = {isa = PBXBuildFile; fileRef = FB15A4DC1909149000C307DD /* XCTest.framework */; };
		FB15A4DE1909149000C307DD /* Foundation.framework in Frameworks */ = {isa = PBXBuildFile; fileRef = FB15A4BD1909149000C307DD /* Foundation.framework */; };
		FB15A4DF1909149000C307DD /* UIKit.framework in Frameworks */ = {isa = PBXBuildFile; fileRef = FB15A4C11909149000C307DD /* UIKit.framework */; };
		FB15A4E71909149000C307DD /* InfoPlist.strings in Resources */ = {isa = PBXBuildFile; fileRef = FB15A4E51909149000C307DD /* InfoPlist.strings */; };
		FB15A4E91909149000C307DD /* AutolancerTests.m in Sources */ = {isa = PBXBuildFile; fileRef = FB15A4E81909149000C307DD /* AutolancerTests.m */; };
		FB15A5251909535300C307DD /* add2.png in Resources */ = {isa = PBXBuildFile; fileRef = FB15A5231909535300C307DD /* add2.png */; };
		FB15A5261909535300C307DD /* plus.png in Resources */ = {isa = PBXBuildFile; fileRef = FB15A5241909535300C307DD /* plus.png */; };
		FB15A52C1909546300C307DD /* KSAccountViewController.m in Sources */ = {isa = PBXBuildFile; fileRef = FB15A52B1909546300C307DD /* KSAccountViewController.m */; };
		FB15A52F1909548D00C307DD /* KSNewTenderViewController.m in Sources */ = {isa = PBXBuildFile; fileRef = FB15A52E1909548D00C307DD /* KSNewTenderViewController.m */; };
		FB15A532190954BE00C307DD /* KSTendersViewController.m in Sources */ = {isa = PBXBuildFile; fileRef = FB15A531190954BE00C307DD /* KSTendersViewController.m */; };
		FB15A53B1909575B00C307DD /* ApiLoadService.m in Sources */ = {isa = PBXBuildFile; fileRef = FB15A5351909575B00C307DD /* ApiLoadService.m */; };
		FB15A53C1909575B00C307DD /* DownloadHelper.m in Sources */ = {isa = PBXBuildFile; fileRef = FB15A5371909575B00C307DD /* DownloadHelper.m */; };
		FB15A53D1909575B00C307DD /* NetworkStatusHelper.m in Sources */ = {isa = PBXBuildFile; fileRef = FB15A5391909575B00C307DD /* NetworkStatusHelper.m */; };
		FB15A541190957A700C307DD /* Reachability.m in Sources */ = {isa = PBXBuildFile; fileRef = FB15A540190957A700C307DD /* Reachability.m */; };
		FB15A54519095A6A00C307DD /* KSTender.m in Sources */ = {isa = PBXBuildFile; fileRef = FB15A54419095A6A00C307DD /* KSTender.m */; };
/* End PBXBuildFile section */

/* Begin PBXContainerItemProxy section */
		FB15A4E01909149000C307DD /* PBXContainerItemProxy */ = {
			isa = PBXContainerItemProxy;
			containerPortal = FB15A4B21909149000C307DD /* Project object */;
			proxyType = 1;
			remoteGlobalIDString = FB15A4B91909149000C307DD;
			remoteInfo = Autolancer;
		};
/* End PBXContainerItemProxy section */

/* Begin PBXFileReference section */
		FB15A4BA1909149000C307DD /* Autolancer.app */ = {isa = PBXFileReference; explicitFileType = wrapper.application; includeInIndex = 0; path = Autolancer.app; sourceTree = BUILT_PRODUCTS_DIR; };
		FB15A4BD1909149000C307DD /* Foundation.framework */ = {isa = PBXFileReference; lastKnownFileType = wrapper.framework; name = Foundation.framework; path = System/Library/Frameworks/Foundation.framework; sourceTree = SDKROOT; };
		FB15A4BF1909149000C307DD /* CoreGraphics.framework */ = {isa = PBXFileReference; lastKnownFileType = wrapper.framework; name = CoreGraphics.framework; path = System/Library/Frameworks/CoreGraphics.framework; sourceTree = SDKROOT; };
		FB15A4C11909149000C307DD /* UIKit.framework */ = {isa = PBXFileReference; lastKnownFileType = wrapper.framework; name = UIKit.framework; path = System/Library/Frameworks/UIKit.framework; sourceTree = SDKROOT; };
		FB15A4C51909149000C307DD /* Autolancer-Info.plist */ = {isa = PBXFileReference; lastKnownFileType = text.plist.xml; path = "Autolancer-Info.plist"; sourceTree = "<group>"; };
		FB15A4C71909149000C307DD /* en */ = {isa = PBXFileReference; lastKnownFileType = text.plist.strings; name = en; path = en.lproj/InfoPlist.strings; sourceTree = "<group>"; };
		FB15A4C91909149000C307DD /* main.m */ = {isa = PBXFileReference; lastKnownFileType = sourcecode.c.objc; path = main.m; sourceTree = "<group>"; };
		FB15A4CB1909149000C307DD /* Autolancer-Prefix.pch */ = {isa = PBXFileReference; lastKnownFileType = sourcecode.c.h; path = "Autolancer-Prefix.pch"; sourceTree = "<group>"; };
		FB15A4CC1909149000C307DD /* KSAppDelegate.h */ = {isa = PBXFileReference; lastKnownFileType = sourcecode.c.h; path = KSAppDelegate.h; sourceTree = "<group>"; };
		FB15A4CD1909149000C307DD /* KSAppDelegate.m */ = {isa = PBXFileReference; lastKnownFileType = sourcecode.c.objc; path = KSAppDelegate.m; sourceTree = "<group>"; };
		FB15A4D01909149000C307DD /* Base */ = {isa = PBXFileReference; lastKnownFileType = file.storyboard; name = Base; path = Base.lproj/Main.storyboard; sourceTree = "<group>"; };
		FB15A4D21909149000C307DD /* KSViewController.h */ = {isa = PBXFileReference; lastKnownFileType = sourcecode.c.h; path = KSViewController.h; sourceTree = "<group>"; };
		FB15A4D31909149000C307DD /* KSViewController.m */ = {isa = PBXFileReference; lastKnownFileType = sourcecode.c.objc; path = KSViewController.m; sourceTree = "<group>"; };
		FB15A4D51909149000C307DD /* Images.xcassets */ = {isa = PBXFileReference; lastKnownFileType = folder.assetcatalog; path = Images.xcassets; sourceTree = "<group>"; };
		FB15A4DB1909149000C307DD /* AutolancerTests.xctest */ = {isa = PBXFileReference; explicitFileType = wrapper.cfbundle; includeInIndex = 0; path = AutolancerTests.xctest; sourceTree = BUILT_PRODUCTS_DIR; };
		FB15A4DC1909149000C307DD /* XCTest.framework */ = {isa = PBXFileReference; lastKnownFileType = wrapper.framework; name = XCTest.framework; path = Library/Frameworks/XCTest.framework; sourceTree = DEVELOPER_DIR; };
		FB15A4E41909149000C307DD /* AutolancerTests-Info.plist */ = {isa = PBXFileReference; lastKnownFileType = text.plist.xml; path = "AutolancerTests-Info.plist"; sourceTree = "<group>"; };
		FB15A4E61909149000C307DD /* en */ = {isa = PBXFileReference; lastKnownFileType = text.plist.strings; name = en; path = en.lproj/InfoPlist.strings; sourceTree = "<group>"; };
		FB15A4E81909149000C307DD /* AutolancerTests.m */ = {isa = PBXFileReference; lastKnownFileType = sourcecode.c.objc; path = AutolancerTests.m; sourceTree = "<group>"; };
		FB15A5231909535300C307DD /* add2.png */ = {isa = PBXFileReference; lastKnownFileType = image.png; name = add2.png; path = ../../icons/add2.png; sourceTree = "<group>"; };
		FB15A5241909535300C307DD /* plus.png */ = {isa = PBXFileReference; lastKnownFileType = image.png; name = plus.png; path = ../../icons/plus.png; sourceTree = "<group>"; };
		FB15A52A1909546300C307DD /* KSAccountViewController.h */ = {isa = PBXFileReference; fileEncoding = 4; lastKnownFileType = sourcecode.c.h; name = KSAccountViewController.h; path = AccountViewController/KSAccountViewController.h; sourceTree = "<group>"; };
		FB15A52B1909546300C307DD /* KSAccountViewController.m */ = {isa = PBXFileReference; fileEncoding = 4; lastKnownFileType = sourcecode.c.objc; name = KSAccountViewController.m; path = AccountViewController/KSAccountViewController.m; sourceTree = "<group>"; };
		FB15A52D1909548D00C307DD /* KSNewTenderViewController.h */ = {isa = PBXFileReference; fileEncoding = 4; lastKnownFileType = sourcecode.c.h; name = KSNewTenderViewController.h; path = NewTenderViewController/KSNewTenderViewController.h; sourceTree = "<group>"; };
		FB15A52E1909548D00C307DD /* KSNewTenderViewController.m */ = {isa = PBXFileReference; fileEncoding = 4; lastKnownFileType = sourcecode.c.objc; name = KSNewTenderViewController.m; path = NewTenderViewController/KSNewTenderViewController.m; sourceTree = "<group>"; };
		FB15A530190954BE00C307DD /* KSTendersViewController.h */ = {isa = PBXFileReference; fileEncoding = 4; lastKnownFileType = sourcecode.c.h; name = KSTendersViewController.h; path = TendersViewController/KSTendersViewController.h; sourceTree = "<group>"; };
		FB15A531190954BE00C307DD /* KSTendersViewController.m */ = {isa = PBXFileReference; fileEncoding = 4; lastKnownFileType = sourcecode.c.objc; name = KSTendersViewController.m; path = TendersViewController/KSTendersViewController.m; sourceTree = "<group>"; };
		FB15A5341909575B00C307DD /* ApiLoadService.h */ = {isa = PBXFileReference; fileEncoding = 4; lastKnownFileType = sourcecode.c.h; path = ApiLoadService.h; sourceTree = "<group>"; };
		FB15A5351909575B00C307DD /* ApiLoadService.m */ = {isa = PBXFileReference; fileEncoding = 4; lastKnownFileType = sourcecode.c.objc; path = ApiLoadService.m; sourceTree = "<group>"; };
		FB15A5361909575B00C307DD /* DownloadHelper.h */ = {isa = PBXFileReference; fileEncoding = 4; lastKnownFileType = sourcecode.c.h; path = DownloadHelper.h; sourceTree = "<group>"; };
		FB15A5371909575B00C307DD /* DownloadHelper.m */ = {isa = PBXFileReference; fileEncoding = 4; lastKnownFileType = sourcecode.c.objc; path = DownloadHelper.m; sourceTree = "<group>"; };
		FB15A5381909575B00C307DD /* NetworkStatusHelper.h */ = {isa = PBXFileReference; fileEncoding = 4; lastKnownFileType = sourcecode.c.h; path = NetworkStatusHelper.h; sourceTree = "<group>"; };
		FB15A5391909575B00C307DD /* NetworkStatusHelper.m */ = {isa = PBXFileReference; fileEncoding = 4; lastKnownFileType = sourcecode.c.objc; path = NetworkStatusHelper.m; sourceTree = "<group>"; };
		FB15A53A1909575B00C307DD /* WatchlistHolder.h */ = {isa = PBXFileReference; fileEncoding = 4; lastKnownFileType = sourcecode.c.h; path = WatchlistHolder.h; sourceTree = "<group>"; };
		FB15A53F190957A700C307DD /* Reachability.h */ = {isa = PBXFileReference; fileEncoding = 4; lastKnownFileType = sourcecode.c.h; path = Reachability.h; sourceTree = "<group>"; };
		FB15A540190957A700C307DD /* Reachability.m */ = {isa = PBXFileReference; fileEncoding = 4; lastKnownFileType = sourcecode.c.objc; path = Reachability.m; sourceTree = "<group>"; };
		FB15A54319095A6A00C307DD /* KSTender.h */ = {isa = PBXFileReference; fileEncoding = 4; lastKnownFileType = sourcecode.c.h; name = KSTender.h; path = Models/KSTender.h; sourceTree = "<group>"; };
		FB15A54419095A6A00C307DD /* KSTender.m */ = {isa = PBXFileReference; fileEncoding = 4; lastKnownFileType = sourcecode.c.objc; name = KSTender.m; path = Models/KSTender.m; sourceTree = "<group>"; };
/* End PBXFileReference section */

/* Begin PBXFrameworksBuildPhase section */
		FB15A4B71909149000C307DD /* Frameworks */ = {
			isa = PBXFrameworksBuildPhase;
			buildActionMask = 2147483647;
			files = (
				FB15A4C01909149000C307DD /* CoreGraphics.framework in Frameworks */,
				FB15A4C21909149000C307DD /* UIKit.framework in Frameworks */,
				FB15A4BE1909149000C307DD /* Foundation.framework in Frameworks */,
			);
			runOnlyForDeploymentPostprocessing = 0;
		};
		FB15A4D81909149000C307DD /* Frameworks */ = {
			isa = PBXFrameworksBuildPhase;
			buildActionMask = 2147483647;
			files = (
				FB15A4DD1909149000C307DD /* XCTest.framework in Frameworks */,
				FB15A4DF1909149000C307DD /* UIKit.framework in Frameworks */,
				FB15A4DE1909149000C307DD /* Foundation.framework in Frameworks */,
			);
			runOnlyForDeploymentPostprocessing = 0;
		};
/* End PBXFrameworksBuildPhase section */

/* Begin PBXGroup section */
		FB15A4B11909149000C307DD = {
			isa = PBXGroup;
			children = (
				FB15A4C31909149000C307DD /* Autolancer */,
				FB15A5211909532800C307DD /* resourses */,
				FB15A4E21909149000C307DD /* AutolancerTests */,
				FB15A4BC1909149000C307DD /* Frameworks */,
				FB15A4BB1909149000C307DD /* Products */,
				FB15A53E1909579300C307DD /* ThrirdParty */,
			);
			sourceTree = "<group>";
		};
		FB15A4BB1909149000C307DD /* Products */ = {
			isa = PBXGroup;
			children = (
				FB15A4BA1909149000C307DD /* Autolancer.app */,
				FB15A4DB1909149000C307DD /* AutolancerTests.xctest */,
			);
			name = Products;
			sourceTree = "<group>";
		};
		FB15A4BC1909149000C307DD /* Frameworks */ = {
			isa = PBXGroup;
			children = (
				FB15A4BD1909149000C307DD /* Foundation.framework */,
				FB15A4BF1909149000C307DD /* CoreGraphics.framework */,
				FB15A4C11909149000C307DD /* UIKit.framework */,
				FB15A4DC1909149000C307DD /* XCTest.framework */,
			);
			name = Frameworks;
			sourceTree = "<group>";
		};
		FB15A4C31909149000C307DD /* Autolancer */ = {
			isa = PBXGroup;
			children = (
				FB15A4CF1909149000C307DD /* Main.storyboard */,
				FB15A4CC1909149000C307DD /* KSAppDelegate.h */,
				FB15A4CD1909149000C307DD /* KSAppDelegate.m */,
				FB15A4D21909149000C307DD /* KSViewController.h */,
				FB15A4D31909149000C307DD /* KSViewController.m */,
				FB15A5291909540E00C307DD /* AccountViewController */,
				FB15A528190953F600C307DD /* NewTenderViewController */,
				FB15A527190953DD00C307DD /* TendersViewController */,
				FB15A54219095A3100C307DD /* Models */,
				FB15A5331909570C00C307DD /* API */,
				FB15A4D51909149000C307DD /* Images.xcassets */,
				FB15A4C41909149000C307DD /* Supporting Files */,
			);
			path = Autolancer;
			sourceTree = "<group>";
		};
		FB15A4C41909149000C307DD /* Supporting Files */ = {
			isa = PBXGroup;
			children = (
				FB15A4C51909149000C307DD /* Autolancer-Info.plist */,
				FB15A4C61909149000C307DD /* InfoPlist.strings */,
				FB15A4C91909149000C307DD /* main.m */,
				FB15A4CB1909149000C307DD /* Autolancer-Prefix.pch */,
			);
			name = "Supporting Files";
			sourceTree = "<group>";
		};
		FB15A4E21909149000C307DD /* AutolancerTests */ = {
			isa = PBXGroup;
			children = (
				FB15A4E81909149000C307DD /* AutolancerTests.m */,
				FB15A4E31909149000C307DD /* Supporting Files */,
			);
			path = AutolancerTests;
			sourceTree = "<group>";
		};
		FB15A4E31909149000C307DD /* Supporting Files */ = {
			isa = PBXGroup;
			children = (
				FB15A4E41909149000C307DD /* AutolancerTests-Info.plist */,
				FB15A4E51909149000C307DD /* InfoPlist.strings */,
			);
			name = "Supporting Files";
			sourceTree = "<group>";
		};
		FB15A5211909532800C307DD /* resourses */ = {
			isa = PBXGroup;
			children = (
				FB15A5221909533C00C307DD /* icons */,
				FB15A5231909535300C307DD /* add2.png */,
				FB15A5241909535300C307DD /* plus.png */,
			);
			name = resourses;
			sourceTree = "<group>";
		};
		FB15A5221909533C00C307DD /* icons */ = {
			isa = PBXGroup;
			children = (
			);
			name = icons;
			sourceTree = "<group>";
		};
		FB15A527190953DD00C307DD /* TendersViewController */ = {
			isa = PBXGroup;
			children = (
				FB15A530190954BE00C307DD /* KSTendersViewController.h */,
				FB15A531190954BE00C307DD /* KSTendersViewController.m */,
			);
			name = TendersViewController;
			sourceTree = "<group>";
		};
		FB15A528190953F600C307DD /* NewTenderViewController */ = {
			isa = PBXGroup;
			children = (
				FB15A52D1909548D00C307DD /* KSNewTenderViewController.h */,
				FB15A52E1909548D00C307DD /* KSNewTenderViewController.m */,
			);
			name = NewTenderViewController;
			sourceTree = "<group>";
		};
		FB15A5291909540E00C307DD /* AccountViewController */ = {
			isa = PBXGroup;
			children = (
				FB15A52A1909546300C307DD /* KSAccountViewController.h */,
				FB15A52B1909546300C307DD /* KSAccountViewController.m */,
			);
			name = AccountViewController;
			sourceTree = "<group>";
		};
		FB15A5331909570C00C307DD /* API */ = {
			isa = PBXGroup;
			children = (
				FB15A5341909575B00C307DD /* ApiLoadService.h */,
				FB15A5351909575B00C307DD /* ApiLoadService.m */,
				FB15A5361909575B00C307DD /* DownloadHelper.h */,
				FB15A5371909575B00C307DD /* DownloadHelper.m */,
				FB15A5381909575B00C307DD /* NetworkStatusHelper.h */,
				FB15A5391909575B00C307DD /* NetworkStatusHelper.m */,
				FB15A53A1909575B00C307DD /* WatchlistHolder.h */,
			);
			name = API;
			sourceTree = "<group>";
		};
		FB15A53E1909579300C307DD /* ThrirdParty */ = {
			isa = PBXGroup;
			children = (
				FB15A53F190957A700C307DD /* Reachability.h */,
				FB15A540190957A700C307DD /* Reachability.m */,
			);
			name = ThrirdParty;
			sourceTree = "<group>";
		};
		FB15A54219095A3100C307DD /* Models */ = {
			isa = PBXGroup;
			children = (
				FB15A54319095A6A00C307DD /* KSTender.h */,
				FB15A54419095A6A00C307DD /* KSTender.m */,
			);
			name = Models;
			sourceTree = "<group>";
		};
/* End PBXGroup section */

/* Begin PBXNativeTarget section */
		FB15A4B91909149000C307DD /* Autolancer */ = {
			isa = PBXNativeTarget;
			buildConfigurationList = FB15A4EC1909149000C307DD /* Build configuration list for PBXNativeTarget "Autolancer" */;
			buildPhases = (
				FB15A4B61909149000C307DD /* Sources */,
				FB15A4B71909149000C307DD /* Frameworks */,
				FB15A4B81909149000C307DD /* Resources */,
			);
			buildRules = (
			);
			dependencies = (
			);
			name = Autolancer;
			productName = Autolancer;
			productReference = FB15A4BA1909149000C307DD /* Autolancer.app */;
			productType = "com.apple.product-type.application";
		};
		FB15A4DA1909149000C307DD /* AutolancerTests */ = {
			isa = PBXNativeTarget;
			buildConfigurationList = FB15A4EF1909149000C307DD /* Build configuration list for PBXNativeTarget "AutolancerTests" */;
			buildPhases = (
				FB15A4D71909149000C307DD /* Sources */,
				FB15A4D81909149000C307DD /* Frameworks */,
				FB15A4D91909149000C307DD /* Resources */,
			);
			buildRules = (
			);
			dependencies = (
				FB15A4E11909149000C307DD /* PBXTargetDependency */,
			);
			name = AutolancerTests;
			productName = AutolancerTests;
			productReference = FB15A4DB1909149000C307DD /* AutolancerTests.xctest */;
			productType = "com.apple.product-type.bundle.unit-test";
		};
/* End PBXNativeTarget section */

/* Begin PBXProject section */
		FB15A4B21909149000C307DD /* Project object */ = {
			isa = PBXProject;
			attributes = {
				CLASSPREFIX = KS;
				LastUpgradeCheck = 0500;
				ORGANIZATIONNAME = "mac-214";
				TargetAttributes = {
					FB15A4DA1909149000C307DD = {
						TestTargetID = FB15A4B91909149000C307DD;
					};
				};
			};
			buildConfigurationList = FB15A4B51909149000C307DD /* Build configuration list for PBXProject "Autolancer" */;
			compatibilityVersion = "Xcode 3.2";
			developmentRegion = English;
			hasScannedForEncodings = 0;
			knownRegions = (
				en,
				Base,
			);
			mainGroup = FB15A4B11909149000C307DD;
			productRefGroup = FB15A4BB1909149000C307DD /* Products */;
			projectDirPath = "";
			projectRoot = "";
			targets = (
				FB15A4B91909149000C307DD /* Autolancer */,
				FB15A4DA1909149000C307DD /* AutolancerTests */,
			);
		};
/* End PBXProject section */

/* Begin PBXResourcesBuildPhase section */
		FB15A4B81909149000C307DD /* Resources */ = {
			isa = PBXResourcesBuildPhase;
			buildActionMask = 2147483647;
			files = (
				FB15A4D61909149000C307DD /* Images.xcassets in Resources */,
				FB15A5261909535300C307DD /* plus.png in Resources */,
				FB15A4C81909149000C307DD /* InfoPlist.strings in Resources */,
				FB15A5251909535300C307DD /* add2.png in Resources */,
				FB15A4D11909149000C307DD /* Main.storyboard in Resources */,
			);
			runOnlyForDeploymentPostprocessing = 0;
		};
		FB15A4D91909149000C307DD /* Resources */ = {
			isa = PBXResourcesBuildPhase;
			buildActionMask = 2147483647;
			files = (
				FB15A4E71909149000C307DD /* InfoPlist.strings in Resources */,
			);
			runOnlyForDeploymentPostprocessing = 0;
		};
/* End PBXResourcesBuildPhase section */

/* Begin PBXSourcesBuildPhase section */
		FB15A4B61909149000C307DD /* Sources */ = {
			isa = PBXSourcesBuildPhase;
			buildActionMask = 2147483647;
			files = (
				FB15A4D41909149000C307DD /* KSViewController.m in Sources */,
				FB15A53B1909575B00C307DD /* ApiLoadService.m in Sources */,
				FB15A4CE1909149000C307DD /* KSAppDelegate.m in Sources */,
				FB15A53D1909575B00C307DD /* NetworkStatusHelper.m in Sources */,
				FB15A541190957A700C307DD /* Reachability.m in Sources */,
				FB15A53C1909575B00C307DD /* DownloadHelper.m in Sources */,
				FB15A52C1909546300C307DD /* KSAccountViewController.m in Sources */,
				FB15A54519095A6A00C307DD /* KSTender.m in Sources */,
				FB15A52F1909548D00C307DD /* KSNewTenderViewController.m in Sources */,
				FB15A532190954BE00C307DD /* KSTendersViewController.m in Sources */,
				FB15A4CA1909149000C307DD /* main.m in Sources */,
			);
			runOnlyForDeploymentPostprocessing = 0;
		};
		FB15A4D71909149000C307DD /* Sources */ = {
			isa = PBXSourcesBuildPhase;
			buildActionMask = 2147483647;
			files = (
				FB15A4E91909149000C307DD /* AutolancerTests.m in Sources */,
			);
			runOnlyForDeploymentPostprocessing = 0;
		};
/* End PBXSourcesBuildPhase section */

/* Begin PBXTargetDependency section */
		FB15A4E11909149000C307DD /* PBXTargetDependency */ = {
			isa = PBXTargetDependency;
			target = FB15A4B91909149000C307DD /* Autolancer */;
			targetProxy = FB15A4E01909149000C307DD /* PBXContainerItemProxy */;
		};
/* End PBXTargetDependency section */

/* Begin PBXVariantGroup section */
		FB15A4C61909149000C307DD /* InfoPlist.strings */ = {
			isa = PBXVariantGroup;
			children = (
				FB15A4C71909149000C307DD /* en */,
			);
			name = InfoPlist.strings;
			sourceTree = "<group>";
		};
		FB15A4CF1909149000C307DD /* Main.storyboard */ = {
			isa = PBXVariantGroup;
			children = (
				FB15A4D01909149000C307DD /* Base */,
			);
			name = Main.storyboard;
			sourceTree = "<group>";
		};
		FB15A4E51909149000C307DD /* InfoPlist.strings */ = {
			isa = PBXVariantGroup;
			children = (
				FB15A4E61909149000C307DD /* en */,
			);
			name = InfoPlist.strings;
			sourceTree = "<group>";
		};
/* End PBXVariantGroup section */

/* Begin XCBuildConfiguration section */
		FB15A4EA1909149000C307DD /* Debug */ = {
			isa = XCBuildConfiguration;
			buildSettings = {
				ALWAYS_SEARCH_USER_PATHS = NO;
				ARCHS = "$(ARCHS_STANDARD_INCLUDING_64_BIT)";
				CLANG_CXX_LANGUAGE_STANDARD = "gnu++0x";
				CLANG_CXX_LIBRARY = "libc++";
				CLANG_ENABLE_MODULES = YES;
				CLANG_ENABLE_OBJC_ARC = YES;
				CLANG_WARN_BOOL_CONVERSION = YES;
				CLANG_WARN_CONSTANT_CONVERSION = YES;
				CLANG_WARN_DIRECT_OBJC_ISA_USAGE = YES_ERROR;
				CLANG_WARN_EMPTY_BODY = YES;
				CLANG_WARN_ENUM_CONVERSION = YES;
				CLANG_WARN_INT_CONVERSION = YES;
				CLANG_WARN_OBJC_ROOT_CLASS = YES_ERROR;
				CLANG_WARN__DUPLICATE_METHOD_MATCH = YES;
				"CODE_SIGN_IDENTITY[sdk=iphoneos*]" = "iPhone Developer";
				COPY_PHASE_STRIP = NO;
				GCC_C_LANGUAGE_STANDARD = gnu99;
				GCC_DYNAMIC_NO_PIC = NO;
				GCC_OPTIMIZATION_LEVEL = 0;
				GCC_PREPROCESSOR_DEFINITIONS = (
					"DEBUG=1",
					"$(inherited)",
				);
				GCC_SYMBOLS_PRIVATE_EXTERN = NO;
				GCC_WARN_64_TO_32_BIT_CONVERSION = YES;
				GCC_WARN_ABOUT_RETURN_TYPE = YES_ERROR;
				GCC_WARN_UNDECLARED_SELECTOR = YES;
				GCC_WARN_UNINITIALIZED_AUTOS = YES;
				GCC_WARN_UNUSED_FUNCTION = YES;
				GCC_WARN_UNUSED_VARIABLE = YES;
				IPHONEOS_DEPLOYMENT_TARGET = 7.0;
				ONLY_ACTIVE_ARCH = YES;
				SDKROOT = iphoneos;
			};
			name = Debug;
		};
		FB15A4EB1909149000C307DD /* Release */ = {
			isa = XCBuildConfiguration;
			buildSettings = {
				ALWAYS_SEARCH_USER_PATHS = NO;
				ARCHS = "$(ARCHS_STANDARD_INCLUDING_64_BIT)";
				CLANG_CXX_LANGUAGE_STANDARD = "gnu++0x";
				CLANG_CXX_LIBRARY = "libc++";
				CLANG_ENABLE_MODULES = YES;
				CLANG_ENABLE_OBJC_ARC = YES;
				CLANG_WARN_BOOL_CONVERSION = YES;
				CLANG_WARN_CONSTANT_CONVERSION = YES;
				CLANG_WARN_DIRECT_OBJC_ISA_USAGE = YES_ERROR;
				CLANG_WARN_EMPTY_BODY = YES;
				CLANG_WARN_ENUM_CONVERSION = YES;
				CLANG_WARN_INT_CONVERSION = YES;
				CLANG_WARN_OBJC_ROOT_CLASS = YES_ERROR;
				CLANG_WARN__DUPLICATE_METHOD_MATCH = YES;
				"CODE_SIGN_IDENTITY[sdk=iphoneos*]" = "iPhone Developer";
				COPY_PHASE_STRIP = YES;
				ENABLE_NS_ASSERTIONS = NO;
				GCC_C_LANGUAGE_STANDARD = gnu99;
				GCC_WARN_64_TO_32_BIT_CONVERSION = YES;
				GCC_WARN_ABOUT_RETURN_TYPE = YES_ERROR;
				GCC_WARN_UNDECLARED_SELECTOR = YES;
				GCC_WARN_UNINITIALIZED_AUTOS = YES;
				GCC_WARN_UNUSED_FUNCTION = YES;
				GCC_WARN_UNUSED_VARIABLE = YES;
				IPHONEOS_DEPLOYMENT_TARGET = 7.0;
				SDKROOT = iphoneos;
				VALIDATE_PRODUCT = YES;
			};
			name = Release;
		};
		FB15A4ED1909149000C307DD /* Debug */ = {
			isa = XCBuildConfiguration;
			buildSettings = {
				ASSETCATALOG_COMPILER_APPICON_NAME = AppIcon;
				ASSETCATALOG_COMPILER_LAUNCHIMAGE_NAME = LaunchImage;
				CLANG_ENABLE_OBJC_ARC = NO;
				GCC_PRECOMPILE_PREFIX_HEADER = YES;
				GCC_PREFIX_HEADER = "Autolancer/Autolancer-Prefix.pch";
				INFOPLIST_FILE = "Autolancer/Autolancer-Info.plist";
				PRODUCT_NAME = "$(TARGET_NAME)";
				WRAPPER_EXTENSION = app;
			};
			name = Debug;
		};
		FB15A4EE1909149000C307DD /* Release */ = {
			isa = XCBuildConfiguration;
			buildSettings = {
				ASSETCATALOG_COMPILER_APPICON_NAME = AppIcon;
				ASSETCATALOG_COMPILER_LAUNCHIMAGE_NAME = LaunchImage;
				CLANG_ENABLE_OBJC_ARC = NO;
				GCC_PRECOMPILE_PREFIX_HEADER = YES;
				GCC_PREFIX_HEADER = "Autolancer/Autolancer-Prefix.pch";
				INFOPLIST_FILE = "Autolancer/Autolancer-Info.plist";
				PRODUCT_NAME = "$(TARGET_NAME)";
				WRAPPER_EXTENSION = app;
			};
			name = Release;
		};
		FB15A4F01909149000C307DD /* Debug */ = {
			isa = XCBuildConfiguration;
			buildSettings = {
				ARCHS = "$(ARCHS_STANDARD_INCLUDING_64_BIT)";
				BUNDLE_LOADER = "$(BUILT_PRODUCTS_DIR)/Autolancer.app/Autolancer";
				FRAMEWORK_SEARCH_PATHS = (
					"$(SDKROOT)/Developer/Library/Frameworks",
					"$(inherited)",
					"$(DEVELOPER_FRAMEWORKS_DIR)",
				);
				GCC_PRECOMPILE_PREFIX_HEADER = YES;
				GCC_PREFIX_HEADER = "Autolancer/Autolancer-Prefix.pch";
				GCC_PREPROCESSOR_DEFINITIONS = (
					"DEBUG=1",
					"$(inherited)",
				);
				INFOPLIST_FILE = "AutolancerTests/AutolancerTests-Info.plist";
				PRODUCT_NAME = "$(TARGET_NAME)";
				TEST_HOST = "$(BUNDLE_LOADER)";
				WRAPPER_EXTENSION = xctest;
			};
			name = Debug;
		};
		FB15A4F11909149000C307DD /* Release */ = {
			isa = XCBuildConfiguration;
			buildSettings = {
				ARCHS = "$(ARCHS_STANDARD_INCLUDING_64_BIT)";
				BUNDLE_LOADER = "$(BUILT_PRODUCTS_DIR)/Autolancer.app/Autolancer";
				FRAMEWORK_SEARCH_PATHS = (
					"$(SDKROOT)/Developer/Library/Frameworks",
					"$(inherited)",
					"$(DEVELOPER_FRAMEWORKS_DIR)",
				);
				GCC_PRECOMPILE_PREFIX_HEADER = YES;
				GCC_PREFIX_HEADER = "Autolancer/Autolancer-Prefix.pch";
				INFOPLIST_FILE = "AutolancerTests/AutolancerTests-Info.plist";
				PRODUCT_NAME = "$(TARGET_NAME)";
				TEST_HOST = "$(BUNDLE_LOADER)";
				WRAPPER_EXTENSION = xctest;
			};
			name = Release;
		};
/* End XCBuildConfiguration section */

/* Begin XCConfigurationList section */
		FB15A4B51909149000C307DD /* Build configuration list for PBXProject "Autolancer" */ = {
			isa = XCConfigurationList;
			buildConfigurations = (
				FB15A4EA1909149000C307DD /* Debug */,
				FB15A4EB1909149000C307DD /* Release */,
			);
			defaultConfigurationIsVisible = 0;
			defaultConfigurationName = Release;
		};
		FB15A4EC1909149000C307DD /* Build configuration list for PBXNativeTarget "Autolancer" */ = {
			isa = XCConfigurationList;
			buildConfigurations = (
				FB15A4ED1909149000C307DD /* Debug */,
				FB15A4EE1909149000C307DD /* Release */,
			);
			defaultConfigurationIsVisible = 0;
			defaultConfigurationName = Release;
		};
		FB15A4EF1909149000C307DD /* Build configuration list for PBXNativeTarget "AutolancerTests" */ = {
			isa = XCConfigurationList;
			buildConfigurations = (
				FB15A4F01909149000C307DD /* Debug */,
				FB15A4F11909149000C307DD /* Release */,
			);
			defaultConfigurationIsVisible = 0;
			defaultConfigurationName = Release;
		};
/* End XCConfigurationList section */
	};
	rootObject = FB15A4B21909149000C307DD /* Project object */;
}
