PODS:
  - AFNetworking (2.4.1):
    - AFNetworking/NSURLConnection
    - AFNetworking/NSURLSession
    - AFNetworking/Reachability
    - AFNetworking/Security
    - AFNetworking/Serialization
    - AFNetworking/UIKit
  - AFNetworking/NSURLConnection (2.4.1):
    - AFNetworking/Reachability
    - AFNetworking/Security
    - AFNetworking/Serialization
  - AFNetworking/NSURLSession (2.4.1):
    - AFNetworking/Reachability
    - AFNetworking/Security
    - AFNetworking/Serialization
  - AFNetworking/Reachability (2.4.1)
  - AFNetworking/Security (2.4.1)
  - AFNetworking/Serialization (2.4.1)
  - AFNetworking/UIKit (2.4.1):
    - AFNetworking/NSURLConnection
    - AFNetworking/NSURLSession
  - BZGFormField (1.1.2)
  - DBCamera (2.1.2)
  - DropdownMenu (1.0.0)
  - FMDB (2.0):
    - FMDB/standard
  - FMDB/common (2.0)
  - FMDB/standard (2.0):
    - FMDB/common
  - FTCoreText (1.0.1)
  - GRMustache (6.8.3):
    - JRSwizzle (~> 1.0)
  - JRSwizzle (1.0)
  - LPPopupListView (1.0.3)
  - MapBox (1.1.0):
    - FMDB (= 2.0)
    - GRMustache (= 6.8.3)
    - SMCalloutView (= 1.1)
  - REFrostedViewController (2.4.5)
  - RNFrostedSidebar (0.2.0)
  - SMCalloutView (1.1)

DEPENDENCIES:
  - AFNetworking (~> 2.0)
  - BZGFormField
  - DBCamera (~> 2.1.2)
  - DropdownMenu (~> 1.0.0)
  - FTCoreText
  - LPPopupListView (~> 1.0.3)
  - MapBox
  - REFrostedViewController (~> 2.4.5)
  - RNFrostedSidebar (~> 0.2.0)

SPEC CHECKSUMS:
  AFNetworking: 0aabc6fae66d6e5d039eeb21c315843c7aae51ab
  BZGFormField: c469a07c251a9fd8bd8d8fce023896b15d752a99
  DBCamera: 202292ae99033e9e1983b39bca107b9c5bd1c1a4
  DropdownMenu: ad71a2fcb932cc04a4f7c29aadaf2e8ed0c08e42
  FMDB: 51325701b48cc929ff967fa3047ebc893e798a23
  FTCoreText: 399795cfe9e000435a25be3bef95f02c298528e9
  GRMustache: ab96109b7ba4b9568425bea40d6cd2cdc7582b6c
  JRSwizzle: 30da7a2c539a4ebf954b16d15f6dd8221c9f6fa5
  LPPopupListView: 52eaeb26329b22a1040ea9f3c04270a2969ed791
  MapBox: 6d8baa83e276aab5d98a49e867cfffbb77081187
  REFrostedViewController: 93c85bf09c95c8166fc5314aa6811fb33611afb7
  RNFrostedSidebar: f1d95d9b2627f13cc10e75d36e751a623eec079c
  SMCalloutView: b1c20930f57bc4470f5477979e2decf066397c82

COCOAPODS: 0.34.4
